// !$*UTF8*$!
{
	archiveVersion = 1;
	classes = {
	};
	objectVersion = 77;
	objects = {

/* Begin PBXBuildFile section */
		06B1D734C5D3E77C8A580B56 /* KeyboardEventPlanner.swift in Sources */ = {isa = PBXBuildFile; fileRef = E663130BA128A712904063C1 /* KeyboardEventPlanner.swift */; };
		09145438B06CFAA7CBEBABA3 /* KeyboardEventPlannerTests.swift in Sources */ = {isa = PBXBuildFile; fileRef = 90DAFBFBBDE4228CA290F036 /* KeyboardEventPlannerTests.swift */; };
		0D88BA72EBBEB59D29C9E1F1 /* ControllerMappingSurface.swift in Sources */ = {isa = PBXBuildFile; fileRef = 6FBE10DEB60D78B380B0A3B9 /* ControllerMappingSurface.swift */; };
		14CA55104C2E2B8425B55773 /* AppThemeTests.swift in Sources */ = {isa = PBXBuildFile; fileRef = 2990D09E4ED5FF7DDA073FB0 /* AppThemeTests.swift */; };
		15535B834B247C0D841B4977 /* MappingStoreTests.swift in Sources */ = {isa = PBXBuildFile; fileRef = 5B3A244BF54B2A30D08B5A41 /* MappingStoreTests.swift */; };
		1865C56E55B3A56495B12870 /* KeyboardOutputService.swift in Sources */ = {isa = PBXBuildFile; fileRef = 75381AE625960EC3C4A99E47 /* KeyboardOutputService.swift */; };
		27B13B7FE6A2513800E884F5 /* InputSourceService.swift in Sources */ = {isa = PBXBuildFile; fileRef = 8ED5B19A2C4E1E14C5F95053 /* InputSourceService.swift */; };
		2AE3601448243DA0817CEEF9 /* HIDKeyboardService.swift in Sources */ = {isa = PBXBuildFile; fileRef = 84AC10C99A001F0589C87716 /* HIDKeyboardService.swift */; };
		2E1A854976857BA1B280435F /* VokeApp.swift in Sources */ = {isa = PBXBuildFile; fileRef = ABD056B63C753A9DFDDF1C3D /* VokeApp.swift */; };
		3187D00FCF90F1A9B9BC514D /* MappingStore.swift in Sources */ = {isa = PBXBuildFile; fileRef = 49331F087CC73AE5A617375F /* MappingStore.swift */; };
		35CDCCD7005196429E7BB81F /* MouseMappingSurface.swift in Sources */ = {isa = PBXBuildFile; fileRef = CD763C5033AA4244797FBA37 /* MouseMappingSurface.swift */; };
		442F1D8CC6A50F4F58CC7E76 /* DashboardView.swift in Sources */ = {isa = PBXBuildFile; fileRef = D0E690602228D86C770DE361 /* DashboardView.swift */; };
		63AB797E23DB1CE2EAD7D48F /* MappingStudio.swift in Sources */ = {isa = PBXBuildFile; fileRef = 8CB80A2E844101037CE3D4C4 /* MappingStudio.swift */; };
		7C4A8F95BBC12BDD2F8A2218 /* LaunchAtLoginService.swift in Sources */ = {isa = PBXBuildFile; fileRef = F2B79132C266B875A325A292 /* LaunchAtLoginService.swift */; };
		7F43CCF627A777553F588351 /* SettingsPanel.swift in Sources */ = {isa = PBXBuildFile; fileRef = A687DADD43D9C4C95E673736 /* SettingsPanel.swift */; };
		85C4CE69C83A70068066058E /* MappingRuntimeStateTests.swift in Sources */ = {isa = PBXBuildFile; fileRef = F069D8D972441CFC788B5043 /* MappingRuntimeStateTests.swift */; };
		86E49BAD76064C2303D7EAA8 /* MappingRuntimeState.swift in Sources */ = {isa = PBXBuildFile; fileRef = 3E743890E66A3ED25C72D352 /* MappingRuntimeState.swift */; };
		8924A98BD6EFC434B7DACDB1 /* AppTheme.swift in Sources */ = {isa = PBXBuildFile; fileRef = AC448C165BA2A3F9C6A96E6D /* AppTheme.swift */; };
		8E36C8240BC3C2BF701F91C0 /* MappingModels.swift in Sources */ = {isa = PBXBuildFile; fileRef = B86A0FB923DA62C0EEF1F0FA /* MappingModels.swift */; };
		8EEC042B0C6A7D1247CDC0B6 /* ApplicationShortcutSyncService.swift in Sources */ = {isa = PBXBuildFile; fileRef = 707D451A4B79A7DFD7F064F8 /* ApplicationShortcutSyncService.swift */; };
		93FF3BE6BA3F7E175782D2A0 /* Controller3DView.swift in Sources */ = {isa = PBXBuildFile; fileRef = 9FF64FA99AA736FADD782490 /* Controller3DView.swift */; };
		95BF19CE39A8517EFA857BF5 /* ShellCommandService.swift in Sources */ = {isa = PBXBuildFile; fileRef = 079D1E0043E4EC34A55B4702 /* ShellCommandService.swift */; };
		9F8AE8FBE6E46FEA079E1B21 /* AudioDeviceService.swift in Sources */ = {isa = PBXBuildFile; fileRef = 1290C361DD933133B183485C /* AudioDeviceService.swift */; };
		B41650428A60E5463E936761 /* KeyboardMappingSurface.swift in Sources */ = {isa = PBXBuildFile; fileRef = 469B4195F82C0743028716F2 /* KeyboardMappingSurface.swift */; };
		B4C4AB0D83802657F5168AB7 /* ApplicationActions.swift in Sources */ = {isa = PBXBuildFile; fileRef = AAAB46C54DBA9C2E107A7FB1 /* ApplicationActions.swift */; };
		BBC29D920D53EC90C4CD97F7 /* AppModel.swift in Sources */ = {isa = PBXBuildFile; fileRef = C6CABE46B0A061C81D24BFD3 /* AppModel.swift */; };
		C78BE31689CE4F238EEFBFE7 /* DeviceDisplayOrder.swift in Sources */ = {isa = PBXBuildFile; fileRef = 19EA24B53B415F746D320CD7 /* DeviceDisplayOrder.swift */; };
		C9A630D599F2187694F5DA5F /* ControllerVisual.swift in Sources */ = {isa = PBXBuildFile; fileRef = 6D57D388B557F66DF5B61974 /* ControllerVisual.swift */; };
		CAE9FD86027387B89E5AAE6B /* ScrollOutputService.swift in Sources */ = {isa = PBXBuildFile; fileRef = 1484B5B5E7B312785DD445E8 /* ScrollOutputService.swift */; };
		CB6B42F591F24EECF9275F04 /* Assets.xcassets in Resources */ = {isa = PBXBuildFile; fileRef = 6E1F2D64722623C8A55EE387 /* Assets.xcassets */; };
		D3E04BC9E175228E0B16B0E2 /* DiagnosticLogStoreTests.swift in Sources */ = {isa = PBXBuildFile; fileRef = 5020BF02C382C5F2C215FEF6 /* DiagnosticLogStoreTests.swift */; };
		D588203FC828790BB39B7B03 /* HIDControlTests.swift in Sources */ = {isa = PBXBuildFile; fileRef = 1D0720A6EB5C0AE8AAC614BF /* HIDControlTests.swift */; };
		E3B75EC8869B1488B74738F9 /* DiagnosticLogStore.swift in Sources */ = {isa = PBXBuildFile; fileRef = F83CA799B34B04812F2B06D9 /* DiagnosticLogStore.swift */; };
		E7DB0C30F3A4D0C1BF34CE24 /* MouseOutputService.swift in Sources */ = {isa = PBXBuildFile; fileRef = A1985B4CADBC0024B4D1CA49 /* MouseOutputService.swift */; };
		F433EBBEA7A41993C4291DB5 /* DeviceDisplayOrderTests.swift in Sources */ = {isa = PBXBuildFile; fileRef = D60F8F6ADC65EC233DDE0239 /* DeviceDisplayOrderTests.swift */; };
		FD610569510CB321066FBD50 /* MouseMotionPlannerTests.swift in Sources */ = {isa = PBXBuildFile; fileRef = 0D2E5D2F6DF3596A7C1E85D4 /* MouseMotionPlannerTests.swift */; };
/* End PBXBuildFile section */

/* Begin PBXContainerItemProxy section */
		FB46CB850B70F979FCCDDB9C /* PBXContainerItemProxy */ = {
			isa = PBXContainerItemProxy;
			containerPortal = 9125B61C70B04CCF2A5853C8 /* Project object */;
			proxyType = 1;
			remoteGlobalIDString = 38F89A77A617EB90FC7ED107;
			remoteInfo = Voke;
		};
/* End PBXContainerItemProxy section */

/* Begin PBXFileReference section */
		079D1E0043E4EC34A55B4702 /* ShellCommandService.swift */ = {isa = PBXFileReference; lastKnownFileType = sourcecode.swift; path = ShellCommandService.swift; sourceTree = "<group>"; };
		0D2E5D2F6DF3596A7C1E85D4 /* MouseMotionPlannerTests.swift */ = {isa = PBXFileReference; lastKnownFileType = sourcecode.swift; path = MouseMotionPlannerTests.swift; sourceTree = "<group>"; };
		1290C361DD933133B183485C /* AudioDeviceService.swift */ = {isa = PBXFileReference; lastKnownFileType = sourcecode.swift; path = AudioDeviceService.swift; sourceTree = "<group>"; };
		1484B5B5E7B312785DD445E8 /* ScrollOutputService.swift */ = {isa = PBXFileReference; lastKnownFileType = sourcecode.swift; path = ScrollOutputService.swift; sourceTree = "<group>"; };
		19EA24B53B415F746D320CD7 /* DeviceDisplayOrder.swift */ = {isa = PBXFileReference; lastKnownFileType = sourcecode.swift; path = DeviceDisplayOrder.swift; sourceTree = "<group>"; };
		1D0720A6EB5C0AE8AAC614BF /* HIDControlTests.swift */ = {isa = PBXFileReference; lastKnownFileType = sourcecode.swift; path = HIDControlTests.swift; sourceTree = "<group>"; };
		2990D09E4ED5FF7DDA073FB0 /* AppThemeTests.swift */ = {isa = PBXFileReference; lastKnownFileType = sourcecode.swift; path = AppThemeTests.swift; sourceTree = "<group>"; };
		3E743890E66A3ED25C72D352 /* MappingRuntimeState.swift */ = {isa = PBXFileReference; lastKnownFileType = sourcecode.swift; path = MappingRuntimeState.swift; sourceTree = "<group>"; };
		3F72DD9E3CFE0B019A12FE37 /* Voke.app */ = {isa = PBXFileReference; explicitFileType = wrapper.application; includeInIndex = 0; path = Voke.app; sourceTree = BUILT_PRODUCTS_DIR; };
		469B4195F82C0743028716F2 /* KeyboardMappingSurface.swift */ = {isa = PBXFileReference; lastKnownFileType = sourcecode.swift; path = KeyboardMappingSurface.swift; sourceTree = "<group>"; };
		49331F087CC73AE5A617375F /* MappingStore.swift */ = {isa = PBXFileReference; lastKnownFileType = sourcecode.swift; path = MappingStore.swift; sourceTree = "<group>"; };
		5020BF02C382C5F2C215FEF6 /* DiagnosticLogStoreTests.swift */ = {isa = PBXFileReference; lastKnownFileType = sourcecode.swift; path = DiagnosticLogStoreTests.swift; sourceTree = "<group>"; };
		5B3A244BF54B2A30D08B5A41 /* MappingStoreTests.swift */ = {isa = PBXFileReference; lastKnownFileType = sourcecode.swift; path = MappingStoreTests.swift; sourceTree = "<group>"; };
		6D57D388B557F66DF5B61974 /* ControllerVisual.swift */ = {isa = PBXFileReference; lastKnownFileType = sourcecode.swift; path = ControllerVisual.swift; sourceTree = "<group>"; };
		6E1F2D64722623C8A55EE387 /* Assets.xcassets */ = {isa = PBXFileReference; lastKnownFileType = folder.assetcatalog; path = Assets.xcassets; sourceTree = "<group>"; };
		6FBE10DEB60D78B380B0A3B9 /* ControllerMappingSurface.swift */ = {isa = PBXFileReference; lastKnownFileType = sourcecode.swift; path = ControllerMappingSurface.swift; sourceTree = "<group>"; };
		707D451A4B79A7DFD7F064F8 /* ApplicationShortcutSyncService.swift */ = {isa = PBXFileReference; lastKnownFileType = sourcecode.swift; path = ApplicationShortcutSyncService.swift; sourceTree = "<group>"; };
		75381AE625960EC3C4A99E47 /* KeyboardOutputService.swift */ = {isa = PBXFileReference; lastKnownFileType = sourcecode.swift; path = KeyboardOutputService.swift; sourceTree = "<group>"; };
		84AC10C99A001F0589C87716 /* HIDKeyboardService.swift */ = {isa = PBXFileReference; lastKnownFileType = sourcecode.swift; path = HIDKeyboardService.swift; sourceTree = "<group>"; };
		8CB80A2E844101037CE3D4C4 /* MappingStudio.swift */ = {isa = PBXFileReference; lastKnownFileType = sourcecode.swift; path = MappingStudio.swift; sourceTree = "<group>"; };
		8ED5B19A2C4E1E14C5F95053 /* InputSourceService.swift */ = {isa = PBXFileReference; lastKnownFileType = sourcecode.swift; path = InputSourceService.swift; sourceTree = "<group>"; };
		90DAFBFBBDE4228CA290F036 /* KeyboardEventPlannerTests.swift */ = {isa = PBXFileReference; lastKnownFileType = sourcecode.swift; path = KeyboardEventPlannerTests.swift; sourceTree = "<group>"; };
		9FF64FA99AA736FADD782490 /* Controller3DView.swift */ = {isa = PBXFileReference; lastKnownFileType = sourcecode.swift; path = Controller3DView.swift; sourceTree = "<group>"; };
		A1985B4CADBC0024B4D1CA49 /* MouseOutputService.swift */ = {isa = PBXFileReference; lastKnownFileType = sourcecode.swift; path = MouseOutputService.swift; sourceTree = "<group>"; };
		A687DADD43D9C4C95E673736 /* SettingsPanel.swift */ = {isa = PBXFileReference; lastKnownFileType = sourcecode.swift; path = SettingsPanel.swift; sourceTree = "<group>"; };
		AAAB46C54DBA9C2E107A7FB1 /* ApplicationActions.swift */ = {isa = PBXFileReference; lastKnownFileType = sourcecode.swift; path = ApplicationActions.swift; sourceTree = "<group>"; };
		ABD056B63C753A9DFDDF1C3D /* VokeApp.swift */ = {isa = PBXFileReference; lastKnownFileType = sourcecode.swift; path = VokeApp.swift; sourceTree = "<group>"; };
		AC448C165BA2A3F9C6A96E6D /* AppTheme.swift */ = {isa = PBXFileReference; lastKnownFileType = sourcecode.swift; path = AppTheme.swift; sourceTree = "<group>"; };
		B86A0FB923DA62C0EEF1F0FA /* MappingModels.swift */ = {isa = PBXFileReference; lastKnownFileType = sourcecode.swift; path = MappingModels.swift; sourceTree = "<group>"; };
		C6CABE46B0A061C81D24BFD3 /* AppModel.swift */ = {isa = PBXFileReference; lastKnownFileType = sourcecode.swift; path = AppModel.swift; sourceTree = "<group>"; };
		CD4E6115210005C5ACBAB39B /* VokeTests.xctest */ = {isa = PBXFileReference; explicitFileType = wrapper.cfbundle; includeInIndex = 0; path = VokeTests.xctest; sourceTree = BUILT_PRODUCTS_DIR; };
		CD763C5033AA4244797FBA37 /* MouseMappingSurface.swift */ = {isa = PBXFileReference; lastKnownFileType = sourcecode.swift; path = MouseMappingSurface.swift; sourceTree = "<group>"; };
		D0E690602228D86C770DE361 /* DashboardView.swift */ = {isa = PBXFileReference; lastKnownFileType = sourcecode.swift; path = DashboardView.swift; sourceTree = "<group>"; };
		D60F8F6ADC65EC233DDE0239 /* DeviceDisplayOrderTests.swift */ = {isa = PBXFileReference; lastKnownFileType = sourcecode.swift; path = DeviceDisplayOrderTests.swift; sourceTree = "<group>"; };
		E663130BA128A712904063C1 /* KeyboardEventPlanner.swift */ = {isa = PBXFileReference; lastKnownFileType = sourcecode.swift; path = KeyboardEventPlanner.swift; sourceTree = "<group>"; };
		F069D8D972441CFC788B5043 /* MappingRuntimeStateTests.swift */ = {isa = PBXFileReference; lastKnownFileType = sourcecode.swift; path = MappingRuntimeStateTests.swift; sourceTree = "<group>"; };
		F2B79132C266B875A325A292 /* LaunchAtLoginService.swift */ = {isa = PBXFileReference; lastKnownFileType = sourcecode.swift; path = LaunchAtLoginService.swift; sourceTree = "<group>"; };
		F83CA799B34B04812F2B06D9 /* DiagnosticLogStore.swift */ = {isa = PBXFileReference; lastKnownFileType = sourcecode.swift; path = DiagnosticLogStore.swift; sourceTree = "<group>"; };
/* End PBXFileReference section */

/* Begin PBXGroup section */
		3A1183DFFD3BE72B29305E21 /* Products */ = {
			isa = PBXGroup;
			children = (
				3F72DD9E3CFE0B019A12FE37 /* Voke.app */,
				CD4E6115210005C5ACBAB39B /* VokeTests.xctest */,
			);
			name = Products;
			sourceTree = "<group>";
		};
		59BA5738A929F5C37B7B05B4 /* Models */ = {
			isa = PBXGroup;
			children = (
				AAAB46C54DBA9C2E107A7FB1 /* ApplicationActions.swift */,
				AC448C165BA2A3F9C6A96E6D /* AppTheme.swift */,
				B86A0FB923DA62C0EEF1F0FA /* MappingModels.swift */,
				3E743890E66A3ED25C72D352 /* MappingRuntimeState.swift */,
			);
			path = Models;
			sourceTree = "<group>";
		};
		965649B16C4A30A65DAE6A2B /* Views */ = {
			isa = PBXGroup;
			children = (
				9FF64FA99AA736FADD782490 /* Controller3DView.swift */,
				6FBE10DEB60D78B380B0A3B9 /* ControllerMappingSurface.swift */,
				6D57D388B557F66DF5B61974 /* ControllerVisual.swift */,
				D0E690602228D86C770DE361 /* DashboardView.swift */,
				469B4195F82C0743028716F2 /* KeyboardMappingSurface.swift */,
				8CB80A2E844101037CE3D4C4 /* MappingStudio.swift */,
				CD763C5033AA4244797FBA37 /* MouseMappingSurface.swift */,
				A687DADD43D9C4C95E673736 /* SettingsPanel.swift */,
			);
			path = Views;
			sourceTree = "<group>";
		};
		A147204261657CAC2EB24FB3 /* Services */ = {
			isa = PBXGroup;
			children = (
				707D451A4B79A7DFD7F064F8 /* ApplicationShortcutSyncService.swift */,
				1290C361DD933133B183485C /* AudioDeviceService.swift */,
				F83CA799B34B04812F2B06D9 /* DiagnosticLogStore.swift */,
				84AC10C99A001F0589C87716 /* HIDKeyboardService.swift */,
				8ED5B19A2C4E1E14C5F95053 /* InputSourceService.swift */,
				E663130BA128A712904063C1 /* KeyboardEventPlanner.swift */,
				75381AE625960EC3C4A99E47 /* KeyboardOutputService.swift */,
				F2B79132C266B875A325A292 /* LaunchAtLoginService.swift */,
				49331F087CC73AE5A617375F /* MappingStore.swift */,
				A1985B4CADBC0024B4D1CA49 /* MouseOutputService.swift */,
				1484B5B5E7B312785DD445E8 /* ScrollOutputService.swift */,
				079D1E0043E4EC34A55B4702 /* ShellCommandService.swift */,
			);
			path = Services;
			sourceTree = "<group>";
		};
		B02757286E564A2E322213E1 /* VokeTests */ = {
			isa = PBXGroup;
			children = (
				2990D09E4ED5FF7DDA073FB0 /* AppThemeTests.swift */,
				D60F8F6ADC65EC233DDE0239 /* DeviceDisplayOrderTests.swift */,
				5020BF02C382C5F2C215FEF6 /* DiagnosticLogStoreTests.swift */,
				1D0720A6EB5C0AE8AAC614BF /* HIDControlTests.swift */,
				90DAFBFBBDE4228CA290F036 /* KeyboardEventPlannerTests.swift */,
				F069D8D972441CFC788B5043 /* MappingRuntimeStateTests.swift */,
				5B3A244BF54B2A30D08B5A41 /* MappingStoreTests.swift */,
				0D2E5D2F6DF3596A7C1E85D4 /* MouseMotionPlannerTests.swift */,
			);
			path = VokeTests;
			sourceTree = "<group>";
		};
		FD39DD5CCF9C0D277D771370 = {
			isa = PBXGroup;
			children = (
				FE4D04AFEBFD5A9DFE9AEBF7 /* Voke */,
				B02757286E564A2E322213E1 /* VokeTests */,
				3A1183DFFD3BE72B29305E21 /* Products */,
			);
			sourceTree = "<group>";
		};
		FE4D04AFEBFD5A9DFE9AEBF7 /* Voke */ = {
			isa = PBXGroup;
			children = (
				C6CABE46B0A061C81D24BFD3 /* AppModel.swift */,
				6E1F2D64722623C8A55EE387 /* Assets.xcassets */,
				19EA24B53B415F746D320CD7 /* DeviceDisplayOrder.swift */,
				ABD056B63C753A9DFDDF1C3D /* VokeApp.swift */,
				59BA5738A929F5C37B7B05B4 /* Models */,
				A147204261657CAC2EB24FB3 /* Services */,
				965649B16C4A30A65DAE6A2B /* Views */,
			);
			path = Voke;
			sourceTree = "<group>";
		};
/* End PBXGroup section */

/* Begin PBXNativeTarget section */
		02C7CEED9DFBD5D44B23C775 /* VokeTests */ = {
			isa = PBXNativeTarget;
			buildConfigurationList = CF09392BDD33349DB04EB8E8 /* Build configuration list for PBXNativeTarget "VokeTests" */;
			buildPhases = (
				5DB1B25F2E4785FA66715E0E /* Sources */,
			);
			buildRules = (
			);
			dependencies = (
				88BECD024B7884AA7A04BAD4 /* PBXTargetDependency */,
			);
			name = VokeTests;
			packageProductDependencies = (
			);
			productName = VokeTests;
			productReference = CD4E6115210005C5ACBAB39B /* VokeTests.xctest */;
			productType = "com.apple.product-type.bundle.unit-test";
		};
		38F89A77A617EB90FC7ED107 /* Voke */ = {
			isa = PBXNativeTarget;
			buildConfigurationList = 275A3D3BF58CC3A94271DE18 /* Build configuration list for PBXNativeTarget "Voke" */;
			buildPhases = (
				3417434FDC2A43326247190C /* Sources */,
				C6E39EA2C5CE28A9FF8F6F35 /* Resources */,
			);
			buildRules = (
			);
			dependencies = (
			);
			name = Voke;
			packageProductDependencies = (
			);
			productName = Voke;
			productReference = 3F72DD9E3CFE0B019A12FE37 /* Voke.app */;
			productType = "com.apple.product-type.application";
		};
/* End PBXNativeTarget section */

/* Begin PBXProject section */
		9125B61C70B04CCF2A5853C8 /* Project object */ = {
			isa = PBXProject;
			attributes = {
				BuildIndependentTargetsInParallel = YES;
				LastUpgradeCheck = 1430;
				TargetAttributes = {
					38F89A77A617EB90FC7ED107 = {
						ProvisioningStyle = Automatic;
					};
				};
			};
			buildConfigurationList = F9CA0DD42949C26072E79AF2 /* Build configuration list for PBXProject "Voke" */;
			developmentRegion = en;
			hasScannedForEncodings = 0;
			knownRegions = (
				Base,
				en,
			);
			mainGroup = FD39DD5CCF9C0D277D771370;
			minimizedProjectReferenceProxies = 1;
			preferredProjectObjectVersion = 77;
			productRefGroup = 3A1183DFFD3BE72B29305E21 /* Products */;
			projectDirPath = "";
			projectRoot = "";
			targets = (
				38F89A77A617EB90FC7ED107 /* Voke */,
				02C7CEED9DFBD5D44B23C775 /* VokeTests */,
			);
		};
/* End PBXProject section */

/* Begin PBXResourcesBuildPhase section */
		C6E39EA2C5CE28A9FF8F6F35 /* Resources */ = {
			isa = PBXResourcesBuildPhase;
			buildActionMask = 2147483647;
			files = (
				CB6B42F591F24EECF9275F04 /* Assets.xcassets in Resources */,
			);
			runOnlyForDeploymentPostprocessing = 0;
		};
/* End PBXResourcesBuildPhase section */

/* Begin PBXSourcesBuildPhase section */
		3417434FDC2A43326247190C /* Sources */ = {
			isa = PBXSourcesBuildPhase;
			buildActionMask = 2147483647;
			files = (
				BBC29D920D53EC90C4CD97F7 /* AppModel.swift in Sources */,
				8924A98BD6EFC434B7DACDB1 /* AppTheme.swift in Sources */,
				B4C4AB0D83802657F5168AB7 /* ApplicationActions.swift in Sources */,
				8EEC042B0C6A7D1247CDC0B6 /* ApplicationShortcutSyncService.swift in Sources */,
				9F8AE8FBE6E46FEA079E1B21 /* AudioDeviceService.swift in Sources */,
				93FF3BE6BA3F7E175782D2A0 /* Controller3DView.swift in Sources */,
				0D88BA72EBBEB59D29C9E1F1 /* ControllerMappingSurface.swift in Sources */,
				C9A630D599F2187694F5DA5F /* ControllerVisual.swift in Sources */,
				442F1D8CC6A50F4F58CC7E76 /* DashboardView.swift in Sources */,
				C78BE31689CE4F238EEFBFE7 /* DeviceDisplayOrder.swift in Sources */,
				E3B75EC8869B1488B74738F9 /* DiagnosticLogStore.swift in Sources */,
				2AE3601448243DA0817CEEF9 /* HIDKeyboardService.swift in Sources */,
				27B13B7FE6A2513800E884F5 /* InputSourceService.swift in Sources */,
				06B1D734C5D3E77C8A580B56 /* KeyboardEventPlanner.swift in Sources */,
				B41650428A60E5463E936761 /* KeyboardMappingSurface.swift in Sources */,
				1865C56E55B3A56495B12870 /* KeyboardOutputService.swift in Sources */,
				7C4A8F95BBC12BDD2F8A2218 /* LaunchAtLoginService.swift in Sources */,
				8E36C8240BC3C2BF701F91C0 /* MappingModels.swift in Sources */,
				86E49BAD76064C2303D7EAA8 /* MappingRuntimeState.swift in Sources */,
				3187D00FCF90F1A9B9BC514D /* MappingStore.swift in Sources */,
				63AB797E23DB1CE2EAD7D48F /* MappingStudio.swift in Sources */,
				35CDCCD7005196429E7BB81F /* MouseMappingSurface.swift in Sources */,
				E7DB0C30F3A4D0C1BF34CE24 /* MouseOutputService.swift in Sources */,
				CAE9FD86027387B89E5AAE6B /* ScrollOutputService.swift in Sources */,
				7F43CCF627A777553F588351 /* SettingsPanel.swift in Sources */,
				95BF19CE39A8517EFA857BF5 /* ShellCommandService.swift in Sources */,
				2E1A854976857BA1B280435F /* VokeApp.swift in Sources */,
			);
			runOnlyForDeploymentPostprocessing = 0;
		};
		5DB1B25F2E4785FA66715E0E /* Sources */ = {
			isa = PBXSourcesBuildPhase;
			buildActionMask = 2147483647;
			files = (
				14CA55104C2E2B8425B55773 /* AppThemeTests.swift in Sources */,
				F433EBBEA7A41993C4291DB5 /* DeviceDisplayOrderTests.swift in Sources */,
				D3E04BC9E175228E0B16B0E2 /* DiagnosticLogStoreTests.swift in Sources */,
				D588203FC828790BB39B7B03 /* HIDControlTests.swift in Sources */,
				09145438B06CFAA7CBEBABA3 /* KeyboardEventPlannerTests.swift in Sources */,
				85C4CE69C83A70068066058E /* MappingRuntimeStateTests.swift in Sources */,
				15535B834B247C0D841B4977 /* MappingStoreTests.swift in Sources */,
				FD610569510CB321066FBD50 /* MouseMotionPlannerTests.swift in Sources */,
			);
			runOnlyForDeploymentPostprocessing = 0;
		};
/* End PBXSourcesBuildPhase section */

/* Begin PBXTargetDependency section */
		88BECD024B7884AA7A04BAD4 /* PBXTargetDependency */ = {
			isa = PBXTargetDependency;
			target = 38F89A77A617EB90FC7ED107 /* Voke */;
			targetProxy = FB46CB850B70F979FCCDDB9C /* PBXContainerItemProxy */;
		};
/* End PBXTargetDependency section */

/* Begin XCBuildConfiguration section */
		10142CCCA4C4DC296A242E23 /* Debug */ = {
			isa = XCBuildConfiguration;
			buildSettings = {
				BUNDLE_LOADER = "$(TEST_HOST)";
				COMBINE_HIDPI_IMAGES = YES;
				GENERATE_INFOPLIST_FILE = YES;
				LD_RUNPATH_SEARCH_PATHS = (
					"$(inherited)",
					"@executable_path/../Frameworks",
					"@loader_path/../Frameworks",
				);
				PRODUCT_BUNDLE_IDENTIFIER = com.dolphin.voke.tests;
				SDKROOT = macosx;
				TEST_HOST = "$(BUILT_PRODUCTS_DIR)/Voke.app/Contents/MacOS/Voke";
			};
			name = Debug;
		};
		279AB6DCD733878583E60698 /* Debug */ = {
			isa = XCBuildConfiguration;
			buildSettings = {
				ALWAYS_SEARCH_USER_PATHS = NO;
				CLANG_ANALYZER_NONNULL = YES;
				CLANG_ANALYZER_NUMBER_OBJECT_CONVERSION = YES_AGGRESSIVE;
				CLANG_CXX_LANGUAGE_STANDARD = "gnu++14";
				CLANG_CXX_LIBRARY = "libc++";
				CLANG_ENABLE_MODULES = YES;
				CLANG_ENABLE_OBJC_ARC = YES;
				CLANG_ENABLE_OBJC_WEAK = YES;
				CLANG_WARN_BLOCK_CAPTURE_AUTORELEASING = YES;
				CLANG_WARN_BOOL_CONVERSION = YES;
				CLANG_WARN_COMMA = YES;
				CLANG_WARN_CONSTANT_CONVERSION = YES;
				CLANG_WARN_DEPRECATED_OBJC_IMPLEMENTATIONS = YES;
				CLANG_WARN_DIRECT_OBJC_ISA_USAGE = YES_ERROR;
				CLANG_WARN_DOCUMENTATION_COMMENTS = YES;
				CLANG_WARN_EMPTY_BODY = YES;
				CLANG_WARN_ENUM_CONVERSION = YES;
				CLANG_WARN_INFINITE_RECURSION = YES;
				CLANG_WARN_INT_CONVERSION = YES;
				CLANG_WARN_NON_LITERAL_NULL_CONVERSION = YES;
				CLANG_WARN_OBJC_IMPLICIT_RETAIN_SELF = YES;
				CLANG_WARN_OBJC_LITERAL_CONVERSION = YES;
				CLANG_WARN_OBJC_ROOT_CLASS = YES_ERROR;
				CLANG_WARN_QUOTED_INCLUDE_IN_FRAMEWORK_HEADER = YES;
				CLANG_WARN_RANGE_LOOP_ANALYSIS = YES;
				CLANG_WARN_STRICT_PROTOTYPES = YES;
				CLANG_WARN_SUSPICIOUS_MOVE = YES;
				CLANG_WARN_UNGUARDED_AVAILABILITY = YES_AGGRESSIVE;
				CLANG_WARN_UNREACHABLE_CODE = YES;
				CLANG_WARN__DUPLICATE_METHOD_MATCH = YES;
				COPY_PHASE_STRIP = NO;
				DEBUG_INFORMATION_FORMAT = dwarf;
				ENABLE_STRICT_OBJC_MSGSEND = YES;
				ENABLE_TESTABILITY = YES;
				GCC_C_LANGUAGE_STANDARD = gnu11;
				GCC_DYNAMIC_NO_PIC = NO;
				GCC_NO_COMMON_BLOCKS = YES;
				GCC_OPTIMIZATION_LEVEL = 0;
				GCC_PREPROCESSOR_DEFINITIONS = (
					"$(inherited)",
					"DEBUG=1",
				);
				GCC_WARN_64_TO_32_BIT_CONVERSION = YES;
				GCC_WARN_ABOUT_RETURN_TYPE = YES_ERROR;
				GCC_WARN_UNDECLARED_SELECTOR = YES;
				GCC_WARN_UNINITIALIZED_AUTOS = YES_AGGRESSIVE;
				GCC_WARN_UNUSED_FUNCTION = YES;
				GCC_WARN_UNUSED_VARIABLE = YES;
				MACOSX_DEPLOYMENT_TARGET = 14.0;
				MTL_ENABLE_DEBUG_INFO = INCLUDE_SOURCE;
				MTL_FAST_MATH = YES;
				ONLY_ACTIVE_ARCH = YES;
				PRODUCT_NAME = "$(TARGET_NAME)";
				SDKROOT = macosx;
				SWIFT_ACTIVE_COMPILATION_CONDITIONS = DEBUG;
				SWIFT_OPTIMIZATION_LEVEL = "-Onone";
				SWIFT_STRICT_CONCURRENCY = minimal;
				SWIFT_VERSION = 5.0;
			};
			name = Debug;
		};
		462C502C23A70B4EA08DE3C8 /* Release */ = {
			isa = XCBuildConfiguration;
			buildSettings = {
				ASSETCATALOG_COMPILER_APPICON_NAME = AppIcon;
				CODE_SIGN_STYLE = Automatic;
				COMBINE_HIDPI_IMAGES = YES;
				CURRENT_PROJECT_VERSION = 9;
				ENABLE_APP_SANDBOX = NO;
				GENERATE_INFOPLIST_FILE = YES;
				INFOPLIST_KEY_CFBundleDisplayName = Voke;
				INFOPLIST_KEY_LSApplicationCategoryType = "public.app-category.utilities";
				INFOPLIST_KEY_NSMicrophoneUsageDescription = "Voke 需要识别和使用你选择的语音输入设备。";
				LD_RUNPATH_SEARCH_PATHS = (
					"$(inherited)",
					"@executable_path/../Frameworks",
				);
				MARKETING_VERSION = 0.4.0;
				PRODUCT_BUNDLE_IDENTIFIER = "com.dolphin.ai-command-controller";
				PRODUCT_MODULE_NAME = Voke;
				PRODUCT_NAME = Voke;
				SDKROOT = macosx;
			};
			name = Release;
		};
		8AABDF7D8B58083FFA905E45 /* Release */ = {
			isa = XCBuildConfiguration;
			buildSettings = {
				ALWAYS_SEARCH_USER_PATHS = NO;
				CLANG_ANALYZER_NONNULL = YES;
				CLANG_ANALYZER_NUMBER_OBJECT_CONVERSION = YES_AGGRESSIVE;
				CLANG_CXX_LANGUAGE_STANDARD = "gnu++14";
				CLANG_CXX_LIBRARY = "libc++";
				CLANG_ENABLE_MODULES = YES;
				CLANG_ENABLE_OBJC_ARC = YES;
				CLANG_ENABLE_OBJC_WEAK = YES;
				CLANG_WARN_BLOCK_CAPTURE_AUTORELEASING = YES;
				CLANG_WARN_BOOL_CONVERSION = YES;
				CLANG_WARN_COMMA = YES;
				CLANG_WARN_CONSTANT_CONVERSION = YES;
				CLANG_WARN_DEPRECATED_OBJC_IMPLEMENTATIONS = YES;
				CLANG_WARN_DIRECT_OBJC_ISA_USAGE = YES_ERROR;
				CLANG_WARN_DOCUMENTATION_COMMENTS = YES;
				CLANG_WARN_EMPTY_BODY = YES;
				CLANG_WARN_ENUM_CONVERSION = YES;
				CLANG_WARN_INFINITE_RECURSION = YES;
				CLANG_WARN_INT_CONVERSION = YES;
				CLANG_WARN_NON_LITERAL_NULL_CONVERSION = YES;
				CLANG_WARN_OBJC_IMPLICIT_RETAIN_SELF = YES;
				CLANG_WARN_OBJC_LITERAL_CONVERSION = YES;
				CLANG_WARN_OBJC_ROOT_CLASS = YES_ERROR;
				CLANG_WARN_QUOTED_INCLUDE_IN_FRAMEWORK_HEADER = YES;
				CLANG_WARN_RANGE_LOOP_ANALYSIS = YES;
				CLANG_WARN_STRICT_PROTOTYPES = YES;
				CLANG_WARN_SUSPICIOUS_MOVE = YES;
				CLANG_WARN_UNGUARDED_AVAILABILITY = YES_AGGRESSIVE;
				CLANG_WARN_UNREACHABLE_CODE = YES;
				CLANG_WARN__DUPLICATE_METHOD_MATCH = YES;
				COPY_PHASE_STRIP = NO;
				DEBUG_INFORMATION_FORMAT = "dwarf-with-dsym";
				ENABLE_NS_ASSERTIONS = NO;
				ENABLE_STRICT_OBJC_MSGSEND = YES;
				GCC_C_LANGUAGE_STANDARD = gnu11;
				GCC_NO_COMMON_BLOCKS = YES;
				GCC_WARN_64_TO_32_BIT_CONVERSION = YES;
				GCC_WARN_ABOUT_RETURN_TYPE = YES_ERROR;
				GCC_WARN_UNDECLARED_SELECTOR = YES;
				GCC_WARN_UNINITIALIZED_AUTOS = YES_AGGRESSIVE;
				GCC_WARN_UNUSED_FUNCTION = YES;
				GCC_WARN_UNUSED_VARIABLE = YES;
				MACOSX_DEPLOYMENT_TARGET = 14.0;
				MTL_ENABLE_DEBUG_INFO = NO;
				MTL_FAST_MATH = YES;
				PRODUCT_NAME = "$(TARGET_NAME)";
				SDKROOT = macosx;
				SWIFT_COMPILATION_MODE = wholemodule;
				SWIFT_OPTIMIZATION_LEVEL = "-O";
				SWIFT_STRICT_CONCURRENCY = minimal;
				SWIFT_VERSION = 5.0;
			};
			name = Release;
		};
		B01C5220E6F461B5F720B530 /* Release */ = {
			isa = XCBuildConfiguration;
			buildSettings = {
				BUNDLE_LOADER = "$(TEST_HOST)";
				COMBINE_HIDPI_IMAGES = YES;
				GENERATE_INFOPLIST_FILE = YES;
				LD_RUNPATH_SEARCH_PATHS = (
					"$(inherited)",
					"@executable_path/../Frameworks",
					"@loader_path/../Frameworks",
				);
				PRODUCT_BUNDLE_IDENTIFIER = com.dolphin.voke.tests;
				SDKROOT = macosx;
				TEST_HOST = "$(BUILT_PRODUCTS_DIR)/Voke.app/Contents/MacOS/Voke";
			};
			name = Release;
		};
		E5892683E70BD0D6696072C0 /* Debug */ = {
			isa = XCBuildConfiguration;
			buildSettings = {
				ASSETCATALOG_COMPILER_APPICON_NAME = AppIcon;
				CODE_SIGN_STYLE = Automatic;
				COMBINE_HIDPI_IMAGES = YES;
				CURRENT_PROJECT_VERSION = 9;
				ENABLE_APP_SANDBOX = NO;
				GENERATE_INFOPLIST_FILE = YES;
				INFOPLIST_KEY_CFBundleDisplayName = Voke;
				INFOPLIST_KEY_LSApplicationCategoryType = "public.app-category.utilities";
				INFOPLIST_KEY_NSMicrophoneUsageDescription = "Voke 需要识别和使用你选择的语音输入设备。";
				LD_RUNPATH_SEARCH_PATHS = (
					"$(inherited)",
					"@executable_path/../Frameworks",
				);
				MARKETING_VERSION = 0.4.0;
				PRODUCT_BUNDLE_IDENTIFIER = "com.dolphin.ai-command-controller";
				PRODUCT_MODULE_NAME = Voke;
				PRODUCT_NAME = Voke;
				SDKROOT = macosx;
			};
			name = Debug;
		};
/* End XCBuildConfiguration section */

/* Begin XCConfigurationList section */
		275A3D3BF58CC3A94271DE18 /* Build configuration list for PBXNativeTarget "Voke" */ = {
			isa = XCConfigurationList;
			buildConfigurations = (
				E5892683E70BD0D6696072C0 /* Debug */,
				462C502C23A70B4EA08DE3C8 /* Release */,
			);
			defaultConfigurationIsVisible = 0;
			defaultConfigurationName = Debug;
		};
		CF09392BDD33349DB04EB8E8 /* Build configuration list for PBXNativeTarget "VokeTests" */ = {
			isa = XCConfigurationList;
			buildConfigurations = (
				10142CCCA4C4DC296A242E23 /* Debug */,
				B01C5220E6F461B5F720B530 /* Release */,
			);
			defaultConfigurationIsVisible = 0;
			defaultConfigurationName = Debug;
		};
		F9CA0DD42949C26072E79AF2 /* Build configuration list for PBXProject "Voke" */ = {
			isa = XCConfigurationList;
			buildConfigurations = (
				279AB6DCD733878583E60698 /* Debug */,
				8AABDF7D8B58083FFA905E45 /* Release */,
			);
			defaultConfigurationIsVisible = 0;
			defaultConfigurationName = Debug;
		};
/* End XCConfigurationList section */
	};
	rootObject = 9125B61C70B04CCF2A5853C8 /* Project object */;
}
